{
  "name": "gifz",
  "version": "1.0.0",
  "lockfileVersion": 3,
  "requires": true,
  "packages": {
    "": {
      "name": "gifz",
      "version": "1.0.0",
      "dependencies": {
        "@hackthedev/datetools": "^1.0.1",
        "@hackthedev/dsync-files": "^1.0.7",
        "@hackthedev/dsync-ipsec": "^1.0.12",
        "@hackthedev/dsync-ratelimit": "^1.0.1",
        "bcrypt": "^6.0.0"
      }
    },
    "node_modules/@hackthedev/arraytools": {
      "version": "1.0.2",
      "license": "ISC"
    },
    "node_modules/@hackthedev/datetools": {
      "version": "1.0.1",
      "license": "ISC"
    },
    "node_modules/@hackthedev/dsync-files": {
      "version": "1.0.7",
      "license": "ISC"
    },
    "node_modules/@hackthedev/dsync-ipsec": {
      "version": "1.0.12",
      "resolved": "https://registry.npmjs.org/@hackthedev/dsync-ipsec/-/dsync-ipsec-1.0.12.tgz",
      "integrity": "sha512-aCPQu6Cypqa6kmIpGjmqVPsoRwaYWbtPBvhPkZjOPu/FI054DItr3gtcqCE8+sULJSzNwAo2Ol2NZP2HEWucEg==",
      "license": "ISC"
    },
    "node_modules/@hackthedev/dsync-ratelimit": {
      "version": "1.0.1",
      "license": "ISC",
      "dependencies": {
        "@hackthedev/arraytools": "^1.0.1",
        "@hackthedev/dsync-ipsec": "^1.0.1"
      }
    },
    "node_modules/bcrypt": {
      "version": "6.0.0",
      "hasInstallScript": true,
      "license": "MIT",
      "dependencies": {
        "node-addon-api": "^8.3.0",
        "node-gyp-build": "^4.8.4"
      },
      "engines": {
        "node": ">= 18"
      }
    },
    "node_modules/node-addon-api": {
      "version": "8.5.0",
      "license": "MIT",
      "engines": {
        "node": "^18 || ^20 || >= 21"
      }
    },
    "node_modules/node-gyp-build": {
      "version": "4.8.4",
      "license": "MIT",
      "bin": {
        "node-gyp-build": "bin.js",
        "node-gyp-build-optional": "optional.js",
        "node-gyp-build-test": "build-test.js"
      }
    }
  }
}
